
Microsoft Visual Studio Solution File, Format Version 12.00
# Visual Studio Version 17
VisualStudioVersion = 17.11.35327.3
MinimumVisualStudioVersion = 10.0.40219.1
Project("{9A19103F-16F7-4668-BE54-9A1E7A4F7556}") = "midmoshrimpgirl-api", "midmoshrimpgirl-api\midmoshrimpgirl-api.csproj", "{6BDBB68D-1500-4DEF-937F-372375324FC8}"
	ProjectSection(ProjectDependencies) = postProject
		{29012969-BF36-4931-BFF1-EA1F74CA40D1} = {29012969-BF36-4931-BFF1-EA1F74CA40D1}
		{6E169369-182C-4B05-B51F-5FA8019DE872} = {6E169369-182C-4B05-B51F-5FA8019DE872}
	EndProjectSection
EndProject
Project("{FAE04EC0-301F-11D3-BF4B-00C04F79EFBC}") = "midmoshrimpgirl-api.tests", "midmoshrimpgirl-api.tests\midmoshrimpgirl-api.tests.csproj", "{835EFD42-784E-48B5-8A38-5FAD2A2B40E9}"
	ProjectSection(ProjectDependencies) = postProject
		{29012969-BF36-4931-BFF1-EA1F74CA40D1} = {29012969-BF36-4931-BFF1-EA1F74CA40D1}
		{6BDBB68D-1500-4DEF-937F-372375324FC8} = {6BDBB68D-1500-4DEF-937F-372375324FC8}
		{6C6E6C60-8062-476A-A5D3-F92A6945BAD8} = {6C6E6C60-8062-476A-A5D3-F92A6945BAD8}
	EndProjectSection
EndProject
Project("{FAE04EC0-301F-11D3-BF4B-00C04F79EFBC}") = "midmoshrimpgirl-api.dataAccess", "midmoshrimpgirl-api.dataAccess\midmoshrimpgirl-api.dataAccess.csproj", "{6C6E6C60-8062-476A-A5D3-F92A6945BAD8}"
	ProjectSection(ProjectDependencies) = postProject
		{29012969-BF36-4931-BFF1-EA1F74CA40D1} = {29012969-BF36-4931-BFF1-EA1F74CA40D1}
	EndProjectSection
EndProject
Project("{FAE04EC0-301F-11D3-BF4B-00C04F79EFBC}") = "midmoshrimpgirl-api.domain", "midmoshrimpgirl-domain\midmoshrimpgirl-api.domain.csproj", "{29012969-BF36-4931-BFF1-EA1F74CA40D1}"
EndProject
Project("{FAE04EC0-301F-11D3-BF4B-00C04F79EFBC}") = "midmoshrimpgirl-api.IoC", "midmoshrimpgirl-api.IoC\midmoshrimpgirl-api.IoC.csproj", "{6E169369-182C-4B05-B51F-5FA8019DE872}"
EndProject
Global
	GlobalSection(SolutionConfigurationPlatforms) = preSolution
		Debug|Any CPU = Debug|Any CPU
		Release|Any CPU = Release|Any CPU
	EndGlobalSection
	GlobalSection(ProjectConfigurationPlatforms) = postSolution
		{6BDBB68D-1500-4DEF-937F-372375324FC8}.Debug|Any CPU.ActiveCfg = Debug|Any CPU
		{6BDBB68D-1500-4DEF-937F-372375324FC8}.Debug|Any CPU.Build.0 = Debug|Any CPU
		{6BDBB68D-1500-4DEF-937F-372375324FC8}.Release|Any CPU.ActiveCfg = Release|Any CPU
		{6BDBB68D-1500-4DEF-937F-372375324FC8}.Release|Any CPU.Build.0 = Release|Any CPU
		{835EFD42-784E-48B5-8A38-5FAD2A2B40E9}.Debug|Any CPU.ActiveCfg = Debug|Any CPU
		{835EFD42-784E-48B5-8A38-5FAD2A2B40E9}.Debug|Any CPU.Build.0 = Debug|Any CPU
		{835EFD42-784E-48B5-8A38-5FAD2A2B40E9}.Release|Any CPU.ActiveCfg = Release|Any CPU
		{835EFD42-784E-48B5-8A38-5FAD2A2B40E9}.Release|Any CPU.Build.0 = Release|Any CPU
		{6C6E6C60-8062-476A-A5D3-F92A6945BAD8}.Debug|Any CPU.ActiveCfg = Debug|Any CPU
		{6C6E6C60-8062-476A-A5D3-F92A6945BAD8}.Debug|Any CPU.Build.0 = Debug|Any CPU
		{6C6E6C60-8062-476A-A5D3-F92A6945BAD8}.Release|Any CPU.ActiveCfg = Release|Any CPU
		{6C6E6C60-8062-476A-A5D3-F92A6945BAD8}.Release|Any CPU.Build.0 = Release|Any CPU
		{29012969-BF36-4931-BFF1-EA1F74CA40D1}.Debug|Any CPU.ActiveCfg = Debug|Any CPU
		{29012969-BF36-4931-BFF1-EA1F74CA40D1}.Debug|Any CPU.Build.0 = Debug|Any CPU
		{29012969-BF36-4931-BFF1-EA1F74CA40D1}.Release|Any CPU.ActiveCfg = Release|Any CPU
		{29012969-BF36-4931-BFF1-EA1F74CA40D1}.Release|Any CPU.Build.0 = Release|Any CPU
		{6E169369-182C-4B05-B51F-5FA8019DE872}.Debug|Any CPU.ActiveCfg = Debug|Any CPU
		{6E169369-182C-4B05-B51F-5FA8019DE872}.Debug|Any CPU.Build.0 = Debug|Any CPU
		{6E169369-182C-4B05-B51F-5FA8019DE872}.Release|Any CPU.ActiveCfg = Release|Any CPU
		{6E169369-182C-4B05-B51F-5FA8019DE872}.Release|Any CPU.Build.0 = Release|Any CPU
	EndGlobalSection
	GlobalSection(SolutionProperties) = preSolution
		HideSolutionNode = FALSE
	EndGlobalSection
	GlobalSection(ExtensibilityGlobals) = postSolution
		SolutionGuid = {EABF9D24-8A28-4D74-A88A-63F032545ED1}
	EndGlobalSection
EndGlobal
